
Microsoft Visual Studio Solution File, Format Version 12.00
# Visual Studio 15
VisualStudioVersion = 15.0.28307.168
MinimumVisualStudioVersion = 10.0.40219.1
Project("{FAE04EC0-301F-11D3-BF4B-00C04F79EFBC}") = "NthTermSeries", "PracticeGeeksForGeeks\NthTermSeries.csproj", "{1BEBF361-93C3-4577-94B7-164C47150E6C}"
EndProject
Project("{FAE04EC0-301F-11D3-BF4B-00C04F79EFBC}") = "ArmstronNumbers", "ArmstronNumbers\ArmstronNumbers.csproj", "{8A12041F-FFDA-47B3-9CA9-E3B4A63810B8}"
EndProject
Project("{FAE04EC0-301F-11D3-BF4B-00C04F79EFBC}") = "Palindrome", "Palindrome\Palindrome.csproj", "{CFCF9DED-34CA-4016-A714-2C2787800D6F}"
EndProject
Global
	GlobalSection(SolutionConfigurationPlatforms) = preSolution
		Debug|Any CPU = Debug|Any CPU
		Release|Any CPU = Release|Any CPU
	EndGlobalSection
	GlobalSection(ProjectConfigurationPlatforms) = postSolution
		{1BEBF361-93C3-4577-94B7-164C47150E6C}.Debug|Any CPU.ActiveCfg = Debug|Any CPU
		{1BEBF361-93C3-4577-94B7-164C47150E6C}.Debug|Any CPU.Build.0 = Debug|Any CPU
		{1BEBF361-93C3-4577-94B7-164C47150E6C}.Release|Any CPU.ActiveCfg = Release|Any CPU
		{1BEBF361-93C3-4577-94B7-164C47150E6C}.Release|Any CPU.Build.0 = Release|Any CPU
		{8A12041F-FFDA-47B3-9CA9-E3B4A63810B8}.Debug|Any CPU.ActiveCfg = Debug|Any CPU
		{8A12041F-FFDA-47B3-9CA9-E3B4A63810B8}.Debug|Any CPU.Build.0 = Debug|Any CPU
		{8A12041F-FFDA-47B3-9CA9-E3B4A63810B8}.Release|Any CPU.ActiveCfg = Release|Any CPU
		{8A12041F-FFDA-47B3-9CA9-E3B4A63810B8}.Release|Any CPU.Build.0 = Release|Any CPU
		{CFCF9DED-34CA-4016-A714-2C2787800D6F}.Debug|Any CPU.ActiveCfg = Debug|Any CPU
		{CFCF9DED-34CA-4016-A714-2C2787800D6F}.Debug|Any CPU.Build.0 = Debug|Any CPU
		{CFCF9DED-34CA-4016-A714-2C2787800D6F}.Release|Any CPU.ActiveCfg = Release|Any CPU
		{CFCF9DED-34CA-4016-A714-2C2787800D6F}.Release|Any CPU.Build.0 = Release|Any CPU
	EndGlobalSection
	GlobalSection(SolutionProperties) = preSolution
		HideSolutionNode = FALSE
	EndGlobalSection
	GlobalSection(ExtensibilityGlobals) = postSolution
		SolutionGuid = {E812F4D9-54F0-4102-A3F1-F71D06804BE7}
	EndGlobalSection
EndGlobal
